
Microsoft Visual Studio Solution File, Format Version 12.00
# Visual Studio 15
VisualStudioVersion = 15.0.28307.271
MinimumVisualStudioVersion = 10.0.40219.1
Project("{9A19103F-16F7-4668-BE54-9A1E7A4F7556}") = "LdDevWebApp", "LdDevWebApp\LdDevWebApp.csproj", "{C47CB0D4-FC05-463D-8E29-1C2C5BB0448F}"
EndProject
Project("{FAE04EC0-301F-11D3-BF4B-00C04F79EFBC}") = "ClassLibraryMailEngine", "ClassLibraryMailEngine\ClassLibraryMailEngine.csproj", "{4704947C-59F5-4409-8056-2E7376746546}"
EndProject
Global
	GlobalSection(SolutionConfigurationPlatforms) = preSolution
		Debug|Any CPU = Debug|Any CPU
		Release|Any CPU = Release|Any CPU
	EndGlobalSection
	GlobalSection(ProjectConfigurationPlatforms) = postSolution
		{C47CB0D4-FC05-463D-8E29-1C2C5BB0448F}.Debug|Any CPU.ActiveCfg = Debug|Any CPU
		{C47CB0D4-FC05-463D-8E29-1C2C5BB0448F}.Debug|Any CPU.Build.0 = Debug|Any CPU
		{C47CB0D4-FC05-463D-8E29-1C2C5BB0448F}.Release|Any CPU.ActiveCfg = Release|Any CPU
		{C47CB0D4-FC05-463D-8E29-1C2C5BB0448F}.Release|Any CPU.Build.0 = Release|Any CPU
		{4704947C-59F5-4409-8056-2E7376746546}.Debug|Any CPU.ActiveCfg = Debug|Any CPU
		{4704947C-59F5-4409-8056-2E7376746546}.Debug|Any CPU.Build.0 = Debug|Any CPU
		{4704947C-59F5-4409-8056-2E7376746546}.Release|Any CPU.ActiveCfg = Release|Any CPU
		{4704947C-59F5-4409-8056-2E7376746546}.Release|Any CPU.Build.0 = Release|Any CPU
	EndGlobalSection
	GlobalSection(SolutionProperties) = preSolution
		HideSolutionNode = FALSE
	EndGlobalSection
	GlobalSection(ExtensibilityGlobals) = postSolution
		SolutionGuid = {83EE94D9-31A1-4E97-B51C-76EFD60B8240}
	EndGlobalSection
EndGlobal
