
Microsoft Visual Studio Solution File, Format Version 12.00
# Visual Studio Version 16
VisualStudioVersion = 16.0.29102.190
MinimumVisualStudioVersion = 10.0.40219.1
Project("{9A19103F-16F7-4668-BE54-9A1E7A4F7556}") = "LdDevWebApp", "LdDevWebApp\LdDevWebApp.csproj", "{C47CB0D4-FC05-463D-8E29-1C2C5BB0448F}"
EndProject
Project("{9A19103F-16F7-4668-BE54-9A1E7A4F7556}") = "ClassLibraryMailEngine", "ClassLibraryMailEngine\ClassLibraryMailEngine.csproj", "{4704947C-59F5-4409-8056-2E7376746546}"
EndProject
Project("{9A19103F-16F7-4668-BE54-9A1E7A4F7556}") = "LdWebAppAPI", "LdWebAppAPI\LdWebAppAPI.csproj", "{9CD128EC-4C3D-418C-A951-20F50F8AA50F}"
EndProject
Project("{FAE04EC0-301F-11D3-BF4B-00C04F79EFBC}") = "UT", "UT\UT.csproj", "{52F3A8DD-4B2F-4A91-80FC-C584DC23A2B3}"
EndProject
Global
	GlobalSection(SolutionConfigurationPlatforms) = preSolution
		Debug|Any CPU = Debug|Any CPU
		Release|Any CPU = Release|Any CPU
	EndGlobalSection
	GlobalSection(ProjectConfigurationPlatforms) = postSolution
		{C47CB0D4-FC05-463D-8E29-1C2C5BB0448F}.Debug|Any CPU.ActiveCfg = Debug|Any CPU
		{C47CB0D4-FC05-463D-8E29-1C2C5BB0448F}.Debug|Any CPU.Build.0 = Debug|Any CPU
		{C47CB0D4-FC05-463D-8E29-1C2C5BB0448F}.Release|Any CPU.ActiveCfg = Release|Any CPU
		{C47CB0D4-FC05-463D-8E29-1C2C5BB0448F}.Release|Any CPU.Build.0 = Release|Any CPU
		{4704947C-59F5-4409-8056-2E7376746546}.Debug|Any CPU.ActiveCfg = Debug|Any CPU
		{4704947C-59F5-4409-8056-2E7376746546}.Debug|Any CPU.Build.0 = Debug|Any CPU
		{4704947C-59F5-4409-8056-2E7376746546}.Release|Any CPU.ActiveCfg = Release|Any CPU
		{4704947C-59F5-4409-8056-2E7376746546}.Release|Any CPU.Build.0 = Release|Any CPU
		{9CD128EC-4C3D-418C-A951-20F50F8AA50F}.Debug|Any CPU.ActiveCfg = Debug|Any CPU
		{9CD128EC-4C3D-418C-A951-20F50F8AA50F}.Debug|Any CPU.Build.0 = Debug|Any CPU
		{9CD128EC-4C3D-418C-A951-20F50F8AA50F}.Release|Any CPU.ActiveCfg = Release|Any CPU
		{9CD128EC-4C3D-418C-A951-20F50F8AA50F}.Release|Any CPU.Build.0 = Release|Any CPU
		{52F3A8DD-4B2F-4A91-80FC-C584DC23A2B3}.Debug|Any CPU.ActiveCfg = Debug|Any CPU
		{52F3A8DD-4B2F-4A91-80FC-C584DC23A2B3}.Debug|Any CPU.Build.0 = Debug|Any CPU
		{52F3A8DD-4B2F-4A91-80FC-C584DC23A2B3}.Release|Any CPU.ActiveCfg = Release|Any CPU
		{52F3A8DD-4B2F-4A91-80FC-C584DC23A2B3}.Release|Any CPU.Build.0 = Release|Any CPU
	EndGlobalSection
	GlobalSection(SolutionProperties) = preSolution
		HideSolutionNode = FALSE
	EndGlobalSection
	GlobalSection(ExtensibilityGlobals) = postSolution
		SolutionGuid = {83EE94D9-31A1-4E97-B51C-76EFD60B8240}
	EndGlobalSection
EndGlobal
